
Microsoft Visual Studio Solution File, Format Version 12.00
# Visual Studio Version 16
VisualStudioVersion = 16.0.31205.134
MinimumVisualStudioVersion = 10.0.40219.1
Project("{FAE04EC0-301F-11D3-BF4B-00C04F79EFBC}") = "MyLeasing.Common", "MyLeasing.Common\MyLeasing.Common.csproj", "{F2BBBACA-AFF5-4C71-B2B6-B9D1EC0F0464}"
EndProject
Project("{FAE04EC0-301F-11D3-BF4B-00C04F79EFBC}") = "MyLeasing.Web", "MyLeasing.Web\MyLeasing.Web.csproj", "{B021EAA4-D516-4242-B85E-D999B86EED39}"
EndProject
Global
	GlobalSection(SolutionConfigurationPlatforms) = preSolution
		Debug|Any CPU = Debug|Any CPU
		Release|Any CPU = Release|Any CPU
	EndGlobalSection
	GlobalSection(ProjectConfigurationPlatforms) = postSolution
		{F2BBBACA-AFF5-4C71-B2B6-B9D1EC0F0464}.Debug|Any CPU.ActiveCfg = Debug|Any CPU
		{F2BBBACA-AFF5-4C71-B2B6-B9D1EC0F0464}.Debug|Any CPU.Build.0 = Debug|Any CPU
		{F2BBBACA-AFF5-4C71-B2B6-B9D1EC0F0464}.Release|Any CPU.ActiveCfg = Release|Any CPU
		{F2BBBACA-AFF5-4C71-B2B6-B9D1EC0F0464}.Release|Any CPU.Build.0 = Release|Any CPU
		{B021EAA4-D516-4242-B85E-D999B86EED39}.Debug|Any CPU.ActiveCfg = Debug|Any CPU
		{B021EAA4-D516-4242-B85E-D999B86EED39}.Debug|Any CPU.Build.0 = Debug|Any CPU
		{B021EAA4-D516-4242-B85E-D999B86EED39}.Release|Any CPU.ActiveCfg = Release|Any CPU
		{B021EAA4-D516-4242-B85E-D999B86EED39}.Release|Any CPU.Build.0 = Release|Any CPU
	EndGlobalSection
	GlobalSection(SolutionProperties) = preSolution
		HideSolutionNode = FALSE
	EndGlobalSection
	GlobalSection(ExtensibilityGlobals) = postSolution
		SolutionGuid = {415703E6-A1B4-4475-9303-220F783199DB}
	EndGlobalSection
EndGlobal
